
Microsoft Visual Studio Solution File, Format Version 12.00
# Visual Studio Version 17
VisualStudioVersion = 17.9.34728.123
MinimumVisualStudioVersion = 10.0.40219.1
Project("{FAE04EC0-301F-11D3-BF4B-00C04F79EFBC}") = "Mascota.Entidad", "Mascota.Entidad\Mascota.Entidad.csproj", "{6BB495E3-EFCC-49CC-A71B-2A416F6A8ED3}"
EndProject
Project("{FAE04EC0-301F-11D3-BF4B-00C04F79EFBC}") = "Mascota.Data", "Mascota.Data\Mascota.Data.csproj", "{70153CEA-C17F-4BDC-8971-2975340C7505}"
EndProject
Project("{FAE04EC0-301F-11D3-BF4B-00C04F79EFBC}") = "Mascota.Logica", "Mascota.Logica\Mascota.Logica.csproj", "{651DD885-6DE3-4B92-8D8E-B0929575947C}"
EndProject
Project("{FAE04EC0-301F-11D3-BF4B-00C04F79EFBC}") = "Mascota.WebApi", "Mascota.WebApi\Mascota.WebApi.csproj", "{EDD4C10B-D801-4A68-AB4A-83012BD8664B}"
EndProject
Global
	GlobalSection(SolutionConfigurationPlatforms) = preSolution
		Debug|Any CPU = Debug|Any CPU
		Release|Any CPU = Release|Any CPU
	EndGlobalSection
	GlobalSection(ProjectConfigurationPlatforms) = postSolution
		{6BB495E3-EFCC-49CC-A71B-2A416F6A8ED3}.Debug|Any CPU.ActiveCfg = Debug|Any CPU
		{6BB495E3-EFCC-49CC-A71B-2A416F6A8ED3}.Debug|Any CPU.Build.0 = Debug|Any CPU
		{6BB495E3-EFCC-49CC-A71B-2A416F6A8ED3}.Release|Any CPU.ActiveCfg = Release|Any CPU
		{6BB495E3-EFCC-49CC-A71B-2A416F6A8ED3}.Release|Any CPU.Build.0 = Release|Any CPU
		{70153CEA-C17F-4BDC-8971-2975340C7505}.Debug|Any CPU.ActiveCfg = Debug|Any CPU
		{70153CEA-C17F-4BDC-8971-2975340C7505}.Debug|Any CPU.Build.0 = Debug|Any CPU
		{70153CEA-C17F-4BDC-8971-2975340C7505}.Release|Any CPU.ActiveCfg = Release|Any CPU
		{70153CEA-C17F-4BDC-8971-2975340C7505}.Release|Any CPU.Build.0 = Release|Any CPU
		{651DD885-6DE3-4B92-8D8E-B0929575947C}.Debug|Any CPU.ActiveCfg = Debug|Any CPU
		{651DD885-6DE3-4B92-8D8E-B0929575947C}.Debug|Any CPU.Build.0 = Debug|Any CPU
		{651DD885-6DE3-4B92-8D8E-B0929575947C}.Release|Any CPU.ActiveCfg = Release|Any CPU
		{651DD885-6DE3-4B92-8D8E-B0929575947C}.Release|Any CPU.Build.0 = Release|Any CPU
		{EDD4C10B-D801-4A68-AB4A-83012BD8664B}.Debug|Any CPU.ActiveCfg = Debug|Any CPU
		{EDD4C10B-D801-4A68-AB4A-83012BD8664B}.Debug|Any CPU.Build.0 = Debug|Any CPU
		{EDD4C10B-D801-4A68-AB4A-83012BD8664B}.Release|Any CPU.ActiveCfg = Release|Any CPU
		{EDD4C10B-D801-4A68-AB4A-83012BD8664B}.Release|Any CPU.Build.0 = Release|Any CPU
	EndGlobalSection
	GlobalSection(SolutionProperties) = preSolution
		HideSolutionNode = FALSE
	EndGlobalSection
	GlobalSection(ExtensibilityGlobals) = postSolution
		SolutionGuid = {BA2CA532-05AD-4A78-AB63-6142107BF7E7}
	EndGlobalSection
EndGlobal
